
Microsoft Visual Studio Solution File, Format Version 12.00
# Visual Studio Version 17
VisualStudioVersion = 17.5.33530.505
MinimumVisualStudioVersion = 10.0.40219.1
Project("{FAE04EC0-301F-11D3-BF4B-00C04F79EFBC}") = "API-03", "API-03\API-03.csproj", "{350D9E43-CD7F-46B0-A70D-B3DD3CEF5682}"
EndProject
Global
	GlobalSection(SolutionConfigurationPlatforms) = preSolution
		Debug|Any CPU = Debug|Any CPU
		Release|Any CPU = Release|Any CPU
	EndGlobalSection
	GlobalSection(ProjectConfigurationPlatforms) = postSolution
		{350D9E43-CD7F-46B0-A70D-B3DD3CEF5682}.Debug|Any CPU.ActiveCfg = Debug|Any CPU
		{350D9E43-CD7F-46B0-A70D-B3DD3CEF5682}.Debug|Any CPU.Build.0 = Debug|Any CPU
		{350D9E43-CD7F-46B0-A70D-B3DD3CEF5682}.Release|Any CPU.ActiveCfg = Release|Any CPU
		{350D9E43-CD7F-46B0-A70D-B3DD3CEF5682}.Release|Any CPU.Build.0 = Release|Any CPU
	EndGlobalSection
	GlobalSection(SolutionProperties) = preSolution
		HideSolutionNode = FALSE
	EndGlobalSection
	GlobalSection(ExtensibilityGlobals) = postSolution
		SolutionGuid = {74DBC92C-463A-4E01-BA48-100CA9CD475D}
	EndGlobalSection
EndGlobal
